version = 1
revision = 2
requires-python = ">=3.12"

[[package]]
name = "overpy"
version = "0.7"
source = { registry = "https://pypi.org/simple" }
sdist = { url = "https://files.pythonhosted.org/packages/9a/21/4287be6d9de8092837d4d8cfe0bd1e9c48205f0d0760d221868bd0d74ce2/overpy-0.7.tar.gz", hash = "sha256:f6df5073de0cc1f63aed6d2632140f98c3d91fa3a2e3bef1bcfaa6225500f364", size = 48555, upload-time = "2023-12-04T12:20:17.593Z" }
wheels = [
    { url = "https://files.pythonhosted.org/packages/ec/12/315d56e8386a4060d9a978a34ad48a9af072b67f40504eaa2f44197a15e5/overpy-0.7-py3-none-any.whl", hash = "sha256:cc888c9dcdf9076e667b435909f57e028845c4a1133b6a6f3528284a304516c3", size = 14779, upload-time = "2023-12-04T12:20:15.966Z" },
]

[[package]]
name = "scanner"
version = "0.1.0"
source = { virtual = "." }
dependencies = [
    { name = "overpy" },
]

[package.metadata]
requires-dist = [{ name = "overpy", specifier = ">=0.7" }]
